
Microsoft Visual Studio Solution File, Format Version 12.00
# Visual Studio 15
VisualStudioVersion = 15.0.28307.421
MinimumVisualStudioVersion = 10.0.40219.1
Project("{FAE04EC0-301F-11D3-BF4B-00C04F79EFBC}") = "week1", "week1\week1.csproj", "{19B120AD-DD71-46F1-8E57-016CCF123C58}"
EndProject
Project("{FAE04EC0-301F-11D3-BF4B-00C04F79EFBC}") = "week2", "week2\week2.csproj", "{E6BB9BA7-A738-4FE7-A309-B88D1DDF5F17}"
EndProject
Project("{FAE04EC0-301F-11D3-BF4B-00C04F79EFBC}") = "week3", "week3\week3.csproj", "{2F7D4E89-FCC4-496B-9FF2-35BDED2F256E}"
EndProject
Project("{FAE04EC0-301F-11D3-BF4B-00C04F79EFBC}") = "week4", "week4\week4.csproj", "{E9DC745B-9A47-4C98-A497-38BE7418045A}"
EndProject
Project("{FAE04EC0-301F-11D3-BF4B-00C04F79EFBC}") = "week5_fix", "week5_fix\week5_fix.csproj", "{8AE438F2-4C91-4DD0-BE73-F37A82CDE47D}"
EndProject
Global
	GlobalSection(SolutionConfigurationPlatforms) = preSolution
		Debug|Any CPU = Debug|Any CPU
		Release|Any CPU = Release|Any CPU
	EndGlobalSection
	GlobalSection(ProjectConfigurationPlatforms) = postSolution
		{19B120AD-DD71-46F1-8E57-016CCF123C58}.Debug|Any CPU.ActiveCfg = Debug|Any CPU
		{19B120AD-DD71-46F1-8E57-016CCF123C58}.Debug|Any CPU.Build.0 = Debug|Any CPU
		{19B120AD-DD71-46F1-8E57-016CCF123C58}.Release|Any CPU.ActiveCfg = Release|Any CPU
		{19B120AD-DD71-46F1-8E57-016CCF123C58}.Release|Any CPU.Build.0 = Release|Any CPU
		{E6BB9BA7-A738-4FE7-A309-B88D1DDF5F17}.Debug|Any CPU.ActiveCfg = Debug|Any CPU
		{E6BB9BA7-A738-4FE7-A309-B88D1DDF5F17}.Debug|Any CPU.Build.0 = Debug|Any CPU
		{E6BB9BA7-A738-4FE7-A309-B88D1DDF5F17}.Release|Any CPU.ActiveCfg = Release|Any CPU
		{E6BB9BA7-A738-4FE7-A309-B88D1DDF5F17}.Release|Any CPU.Build.0 = Release|Any CPU
		{2F7D4E89-FCC4-496B-9FF2-35BDED2F256E}.Debug|Any CPU.ActiveCfg = Debug|Any CPU
		{2F7D4E89-FCC4-496B-9FF2-35BDED2F256E}.Debug|Any CPU.Build.0 = Debug|Any CPU
		{2F7D4E89-FCC4-496B-9FF2-35BDED2F256E}.Release|Any CPU.ActiveCfg = Release|Any CPU
		{2F7D4E89-FCC4-496B-9FF2-35BDED2F256E}.Release|Any CPU.Build.0 = Release|Any CPU
		{E9DC745B-9A47-4C98-A497-38BE7418045A}.Debug|Any CPU.ActiveCfg = Debug|Any CPU
		{E9DC745B-9A47-4C98-A497-38BE7418045A}.Debug|Any CPU.Build.0 = Debug|Any CPU
		{E9DC745B-9A47-4C98-A497-38BE7418045A}.Release|Any CPU.ActiveCfg = Release|Any CPU
		{E9DC745B-9A47-4C98-A497-38BE7418045A}.Release|Any CPU.Build.0 = Release|Any CPU
		{8AE438F2-4C91-4DD0-BE73-F37A82CDE47D}.Debug|Any CPU.ActiveCfg = Debug|Any CPU
		{8AE438F2-4C91-4DD0-BE73-F37A82CDE47D}.Debug|Any CPU.Build.0 = Debug|Any CPU
		{8AE438F2-4C91-4DD0-BE73-F37A82CDE47D}.Release|Any CPU.ActiveCfg = Release|Any CPU
		{8AE438F2-4C91-4DD0-BE73-F37A82CDE47D}.Release|Any CPU.Build.0 = Release|Any CPU
	EndGlobalSection
	GlobalSection(SolutionProperties) = preSolution
		HideSolutionNode = FALSE
	EndGlobalSection
	GlobalSection(ExtensibilityGlobals) = postSolution
		SolutionGuid = {380856F9-AA0E-4CD5-92F3-B0935BE7E365}
	EndGlobalSection
EndGlobal
